
Microsoft Visual Studio Solution File, Format Version 12.00
# Visual Studio Version 17
VisualStudioVersion = 17.12.35707.178 d17.12
MinimumVisualStudioVersion = 10.0.40219.1
Project("{FAE04EC0-301F-11D3-BF4B-00C04F79EFBC}") = "WoasBookApp", "WoasBookApp\WoasBookApp.csproj", "{711B1C66-42BF-4447-BA23-C735A68CF125}"
EndProject
Project("{FAE04EC0-301F-11D3-BF4B-00C04F79EFBC}") = "WoasBookApp.Client", "WoasBookApp.Client\WoasBookApp.Client.csproj", "{7D4CF22B-F659-47FF-8845-277057ABB33C}"
EndProject
Global
	GlobalSection(SolutionConfigurationPlatforms) = preSolution
		Debug|Any CPU = Debug|Any CPU
		Release|Any CPU = Release|Any CPU
	EndGlobalSection
	GlobalSection(ProjectConfigurationPlatforms) = postSolution
		{711B1C66-42BF-4447-BA23-C735A68CF125}.Debug|Any CPU.ActiveCfg = Debug|Any CPU
		{711B1C66-42BF-4447-BA23-C735A68CF125}.Debug|Any CPU.Build.0 = Debug|Any CPU
		{711B1C66-42BF-4447-BA23-C735A68CF125}.Release|Any CPU.ActiveCfg = Release|Any CPU
		{711B1C66-42BF-4447-BA23-C735A68CF125}.Release|Any CPU.Build.0 = Release|Any CPU
		{7D4CF22B-F659-47FF-8845-277057ABB33C}.Debug|Any CPU.ActiveCfg = Debug|Any CPU
		{7D4CF22B-F659-47FF-8845-277057ABB33C}.Debug|Any CPU.Build.0 = Debug|Any CPU
		{7D4CF22B-F659-47FF-8845-277057ABB33C}.Release|Any CPU.ActiveCfg = Release|Any CPU
		{7D4CF22B-F659-47FF-8845-277057ABB33C}.Release|Any CPU.Build.0 = Release|Any CPU
	EndGlobalSection
	GlobalSection(SolutionProperties) = preSolution
		HideSolutionNode = FALSE
	EndGlobalSection
EndGlobal
